
Microsoft Visual Studio Solution File, Format Version 12.00
# Visual Studio Version 17
VisualStudioVersion = 17.12.35527.113 d17.12
MinimumVisualStudioVersion = 10.0.40219.1
Project("{FAE04EC0-301F-11D3-BF4B-00C04F79EFBC}") = "Booking.Server", "Booking.Server\Booking.Server.csproj", "{3F976384-D49E-4627-86F8-1502230538C7}"
EndProject
Project("{54A90642-561A-4BB1-A94E-469ADEE60C69}") = "booking.client", "booking.client\booking.client.esproj", "{551F2039-E366-4A46-841D-696597415E1F}"
EndProject
Global
	GlobalSection(SolutionConfigurationPlatforms) = preSolution
		Debug|Any CPU = Debug|Any CPU
		Release|Any CPU = Release|Any CPU
	EndGlobalSection
	GlobalSection(ProjectConfigurationPlatforms) = postSolution
		{3F976384-D49E-4627-86F8-1502230538C7}.Debug|Any CPU.ActiveCfg = Debug|Any CPU
		{3F976384-D49E-4627-86F8-1502230538C7}.Debug|Any CPU.Build.0 = Debug|Any CPU
		{3F976384-D49E-4627-86F8-1502230538C7}.Release|Any CPU.ActiveCfg = Release|Any CPU
		{3F976384-D49E-4627-86F8-1502230538C7}.Release|Any CPU.Build.0 = Release|Any CPU
		{551F2039-E366-4A46-841D-696597415E1F}.Debug|Any CPU.ActiveCfg = Debug|Any CPU
		{551F2039-E366-4A46-841D-696597415E1F}.Debug|Any CPU.Build.0 = Debug|Any CPU
		{551F2039-E366-4A46-841D-696597415E1F}.Debug|Any CPU.Deploy.0 = Debug|Any CPU
		{551F2039-E366-4A46-841D-696597415E1F}.Release|Any CPU.ActiveCfg = Release|Any CPU
		{551F2039-E366-4A46-841D-696597415E1F}.Release|Any CPU.Build.0 = Release|Any CPU
		{551F2039-E366-4A46-841D-696597415E1F}.Release|Any CPU.Deploy.0 = Release|Any CPU
	EndGlobalSection
	GlobalSection(SolutionProperties) = preSolution
		HideSolutionNode = FALSE
	EndGlobalSection
EndGlobal
